
Microsoft Visual Studio Solution File, Format Version 12.00
# Visual Studio 15
VisualStudioVersion = 15.0.28307.271
MinimumVisualStudioVersion = 10.0.40219.1
Project("{FAE04EC0-301F-11D3-BF4B-00C04F79EFBC}") = "GaugeSample.Android", "GaugeSample\GaugeSample.Android\GaugeSample.Android.csproj", "{6D7A3163-A212-4EFF-B528-2C9AD4B86F31}"
EndProject
Project("{FAE04EC0-301F-11D3-BF4B-00C04F79EFBC}") = "GaugeSample.iOS", "GaugeSample\GaugeSample.iOS\GaugeSample.iOS.csproj", "{22F6B8BF-0828-4ECA-9B54-4AD2508BDE26}"
EndProject
Project("{FAE04EC0-301F-11D3-BF4B-00C04F79EFBC}") = "GaugeSample.UWP", "GaugeSample\GaugeSample.UWP\GaugeSample.UWP.csproj", "{77A847B1-5C4B-4F88-97C3-B6D5BE729915}"
EndProject
Project("{FAE04EC0-301F-11D3-BF4B-00C04F79EFBC}") = "GaugeSample", "GaugeSample\GaugeSample\GaugeSample.csproj", "{28AA64F7-18BC-4FFD-90CB-B6F2CDF85AEE}"
EndProject
Global
	GlobalSection(SolutionConfigurationPlatforms) = preSolution
		Ad-Hoc|Any CPU = Ad-Hoc|Any CPU
		Ad-Hoc|ARM = Ad-Hoc|ARM
		Ad-Hoc|iPhone = Ad-Hoc|iPhone
		Ad-Hoc|iPhoneSimulator = Ad-Hoc|iPhoneSimulator
		Ad-Hoc|x64 = Ad-Hoc|x64
		Ad-Hoc|x86 = Ad-Hoc|x86
		AppStore|Any CPU = AppStore|Any CPU
		AppStore|ARM = AppStore|ARM
		AppStore|iPhone = AppStore|iPhone
		AppStore|iPhoneSimulator = AppStore|iPhoneSimulator
		AppStore|x64 = AppStore|x64
		AppStore|x86 = AppStore|x86
		Debug|Any CPU = Debug|Any CPU
		Debug|ARM = Debug|ARM
		Debug|iPhone = Debug|iPhone
		Debug|iPhoneSimulator = Debug|iPhoneSimulator
		Debug|x64 = Debug|x64
		Debug|x86 = Debug|x86
		Release|Any CPU = Release|Any CPU
		Release|ARM = Release|ARM
		Release|iPhone = Release|iPhone
		Release|iPhoneSimulator = Release|iPhoneSimulator
		Release|x64 = Release|x64
		Release|x86 = Release|x86
	EndGlobalSection
	GlobalSection(ProjectConfigurationPlatforms) = postSolution
		{6D7A3163-A212-4EFF-B528-2C9AD4B86F31}.Ad-Hoc|Any CPU.ActiveCfg = Release|Any CPU
		{6D7A3163-A212-4EFF-B528-2C9AD4B86F31}.Ad-Hoc|Any CPU.Build.0 = Release|Any CPU
		{6D7A3163-A212-4EFF-B528-2C9AD4B86F31}.Ad-Hoc|Any CPU.Deploy.0 = Release|Any CPU
		{6D7A3163-A212-4EFF-B528-2C9AD4B86F31}.Ad-Hoc|ARM.ActiveCfg = Release|Any CPU
		{6D7A3163-A212-4EFF-B528-2C9AD4B86F31}.Ad-Hoc|ARM.Build.0 = Release|Any CPU
		{6D7A3163-A212-4EFF-B528-2C9AD4B86F31}.Ad-Hoc|ARM.Deploy.0 = Release|Any CPU
		{6D7A3163-A212-4EFF-B528-2C9AD4B86F31}.Ad-Hoc|iPhone.ActiveCfg = Release|Any CPU
		{6D7A3163-A212-4EFF-B528-2C9AD4B86F31}.Ad-Hoc|iPhone.Build.0 = Release|Any CPU
		{6D7A3163-A212-4EFF-B528-2C9AD4B86F31}.Ad-Hoc|iPhone.Deploy.0 = Release|Any CPU
		{6D7A3163-A212-4EFF-B528-2C9AD4B86F31}.Ad-Hoc|iPhoneSimulator.ActiveCfg = Release|Any CPU
		{6D7A3163-A212-4EFF-B528-2C9AD4B86F31}.Ad-Hoc|iPhoneSimulator.Build.0 = Release|Any CPU
		{6D7A3163-A212-4EFF-B528-2C9AD4B86F31}.Ad-Hoc|iPhoneSimulator.Deploy.0 = Release|Any CPU
		{6D7A3163-A212-4EFF-B528-2C9AD4B86F31}.Ad-Hoc|x64.ActiveCfg = Release|Any CPU
		{6D7A3163-A212-4EFF-B528-2C9AD4B86F31}.Ad-Hoc|x64.Build.0 = Release|Any CPU
		{6D7A3163-A212-4EFF-B528-2C9AD4B86F31}.Ad-Hoc|x64.Deploy.0 = Release|Any CPU
		{6D7A3163-A212-4EFF-B528-2C9AD4B86F31}.Ad-Hoc|x86.ActiveCfg = Release|Any CPU
		{6D7A3163-A212-4EFF-B528-2C9AD4B86F31}.Ad-Hoc|x86.Build.0 = Release|Any CPU
		{6D7A3163-A212-4EFF-B528-2C9AD4B86F31}.Ad-Hoc|x86.Deploy.0 = Release|Any CPU
		{6D7A3163-A212-4EFF-B528-2C9AD4B86F31}.AppStore|Any CPU.ActiveCfg = Release|Any CPU
		{6D7A3163-A212-4EFF-B528-2C9AD4B86F31}.AppStore|Any CPU.Build.0 = Release|Any CPU
		{6D7A3163-A212-4EFF-B528-2C9AD4B86F31}.AppStore|Any CPU.Deploy.0 = Release|Any CPU
		{6D7A3163-A212-4EFF-B528-2C9AD4B86F31}.AppStore|ARM.ActiveCfg = Release|Any CPU
		{6D7A3163-A212-4EFF-B528-2C9AD4B86F31}.AppStore|ARM.Build.0 = Release|Any CPU
		{6D7A3163-A212-4EFF-B528-2C9AD4B86F31}.AppStore|ARM.Deploy.0 = Release|Any CPU
		{6D7A3163-A212-4EFF-B528-2C9AD4B86F31}.AppStore|iPhone.ActiveCfg = Release|Any CPU
		{6D7A3163-A212-4EFF-B528-2C9AD4B86F31}.AppStore|iPhone.Build.0 = Release|Any CPU
		{6D7A3163-A212-4EFF-B528-2C9AD4B86F31}.AppStore|iPhone.Deploy.0 = Release|Any CPU
		{6D7A3163-A212-4EFF-B528-2C9AD4B86F31}.AppStore|iPhoneSimulator.ActiveCfg = Release|Any CPU
		{6D7A3163-A212-4EFF-B528-2C9AD4B86F31}.AppStore|iPhoneSimulator.Build.0 = Release|Any CPU
		{6D7A3163-A212-4EFF-B528-2C9AD4B86F31}.AppStore|iPhoneSimulator.Deploy.0 = Release|Any CPU
		{6D7A3163-A212-4EFF-B528-2C9AD4B86F31}.AppStore|x64.ActiveCfg = Release|Any CPU
		{6D7A3163-A212-4EFF-B528-2C9AD4B86F31}.AppStore|x64.Build.0 = Release|Any CPU
		{6D7A3163-A212-4EFF-B528-2C9AD4B86F31}.AppStore|x64.Deploy.0 = Release|Any CPU
		{6D7A3163-A212-4EFF-B528-2C9AD4B86F31}.AppStore|x86.ActiveCfg = Release|Any CPU
		{6D7A3163-A212-4EFF-B528-2C9AD4B86F31}.AppStore|x86.Build.0 = Release|Any CPU
		{6D7A3163-A212-4EFF-B528-2C9AD4B86F31}.AppStore|x86.Deploy.0 = Release|Any CPU
		{6D7A3163-A212-4EFF-B528-2C9AD4B86F31}.Debug|Any CPU.ActiveCfg = Debug|Any CPU
		{6D7A3163-A212-4EFF-B528-2C9AD4B86F31}.Debug|Any CPU.Build.0 = Debug|Any CPU
		{6D7A3163-A212-4EFF-B528-2C9AD4B86F31}.Debug|Any CPU.Deploy.0 = Debug|Any CPU
		{6D7A3163-A212-4EFF-B528-2C9AD4B86F31}.Debug|ARM.ActiveCfg = Debug|Any CPU
		{6D7A3163-A212-4EFF-B528-2C9AD4B86F31}.Debug|ARM.Build.0 = Debug|Any CPU
		{6D7A3163-A212-4EFF-B528-2C9AD4B86F31}.Debug|ARM.Deploy.0 = Debug|Any CPU
		{6D7A3163-A212-4EFF-B528-2C9AD4B86F31}.Debug|iPhone.ActiveCfg = Debug|Any CPU
		{6D7A3163-A212-4EFF-B528-2C9AD4B86F31}.Debug|iPhone.Build.0 = Debug|Any CPU
		{6D7A3163-A212-4EFF-B528-2C9AD4B86F31}.Debug|iPhone.Deploy.0 = Debug|Any CPU
		{6D7A3163-A212-4EFF-B528-2C9AD4B86F31}.Debug|iPhoneSimulator.ActiveCfg = Debug|Any CPU
		{6D7A3163-A212-4EFF-B528-2C9AD4B86F31}.Debug|iPhoneSimulator.Build.0 = Debug|Any CPU
		{6D7A3163-A212-4EFF-B528-2C9AD4B86F31}.Debug|iPhoneSimulator.Deploy.0 = Debug|Any CPU
		{6D7A3163-A212-4EFF-B528-2C9AD4B86F31}.Debug|x64.ActiveCfg = Debug|Any CPU
		{6D7A3163-A212-4EFF-B528-2C9AD4B86F31}.Debug|x64.Build.0 = Debug|Any CPU
		{6D7A3163-A212-4EFF-B528-2C9AD4B86F31}.Debug|x64.Deploy.0 = Debug|Any CPU
		{6D7A3163-A212-4EFF-B528-2C9AD4B86F31}.Debug|x86.ActiveCfg = Debug|Any CPU
		{6D7A3163-A212-4EFF-B528-2C9AD4B86F31}.Debug|x86.Build.0 = Debug|Any CPU
		{6D7A3163-A212-4EFF-B528-2C9AD4B86F31}.Debug|x86.Deploy.0 = Debug|Any CPU
		{6D7A3163-A212-4EFF-B528-2C9AD4B86F31}.Release|Any CPU.ActiveCfg = Release|Any CPU
		{6D7A3163-A212-4EFF-B528-2C9AD4B86F31}.Release|Any CPU.Build.0 = Release|Any CPU
		{6D7A3163-A212-4EFF-B528-2C9AD4B86F31}.Release|Any CPU.Deploy.0 = Release|Any CPU
		{6D7A3163-A212-4EFF-B528-2C9AD4B86F31}.Release|ARM.ActiveCfg = Release|Any CPU
		{6D7A3163-A212-4EFF-B528-2C9AD4B86F31}.Release|ARM.Build.0 = Release|Any CPU
		{6D7A3163-A212-4EFF-B528-2C9AD4B86F31}.Release|ARM.Deploy.0 = Release|Any CPU
		{6D7A3163-A212-4EFF-B528-2C9AD4B86F31}.Release|iPhone.ActiveCfg = Release|Any CPU
		{6D7A3163-A212-4EFF-B528-2C9AD4B86F31}.Release|iPhone.Build.0 = Release|Any CPU
		{6D7A3163-A212-4EFF-B528-2C9AD4B86F31}.Release|iPhone.Deploy.0 = Release|Any CPU
		{6D7A3163-A212-4EFF-B528-2C9AD4B86F31}.Release|iPhoneSimulator.ActiveCfg = Release|Any CPU
		{6D7A3163-A212-4EFF-B528-2C9AD4B86F31}.Release|iPhoneSimulator.Build.0 = Release|Any CPU
		{6D7A3163-A212-4EFF-B528-2C9AD4B86F31}.Release|iPhoneSimulator.Deploy.0 = Release|Any CPU
		{6D7A3163-A212-4EFF-B528-2C9AD4B86F31}.Release|x64.ActiveCfg = Release|Any CPU
		{6D7A3163-A212-4EFF-B528-2C9AD4B86F31}.Release|x64.Build.0 = Release|Any CPU
		{6D7A3163-A212-4EFF-B528-2C9AD4B86F31}.Release|x64.Deploy.0 = Release|Any CPU
		{6D7A3163-A212-4EFF-B528-2C9AD4B86F31}.Release|x86.ActiveCfg = Release|Any CPU
		{6D7A3163-A212-4EFF-B528-2C9AD4B86F31}.Release|x86.Build.0 = Release|Any CPU
		{6D7A3163-A212-4EFF-B528-2C9AD4B86F31}.Release|x86.Deploy.0 = Release|Any CPU
		{22F6B8BF-0828-4ECA-9B54-4AD2508BDE26}.Ad-Hoc|Any CPU.ActiveCfg = Ad-Hoc|iPhone
		{22F6B8BF-0828-4ECA-9B54-4AD2508BDE26}.Ad-Hoc|Any CPU.Build.0 = Ad-Hoc|iPhone
		{22F6B8BF-0828-4ECA-9B54-4AD2508BDE26}.Ad-Hoc|Any CPU.Deploy.0 = Ad-Hoc|iPhone
		{22F6B8BF-0828-4ECA-9B54-4AD2508BDE26}.Ad-Hoc|ARM.ActiveCfg = Ad-Hoc|iPhone
		{22F6B8BF-0828-4ECA-9B54-4AD2508BDE26}.Ad-Hoc|ARM.Build.0 = Ad-Hoc|iPhone
		{22F6B8BF-0828-4ECA-9B54-4AD2508BDE26}.Ad-Hoc|ARM.Deploy.0 = Ad-Hoc|iPhone
		{22F6B8BF-0828-4ECA-9B54-4AD2508BDE26}.Ad-Hoc|iPhone.ActiveCfg = Ad-Hoc|iPhone
		{22F6B8BF-0828-4ECA-9B54-4AD2508BDE26}.Ad-Hoc|iPhone.Build.0 = Ad-Hoc|iPhone
		{22F6B8BF-0828-4ECA-9B54-4AD2508BDE26}.Ad-Hoc|iPhone.Deploy.0 = Ad-Hoc|iPhone
		{22F6B8BF-0828-4ECA-9B54-4AD2508BDE26}.Ad-Hoc|iPhoneSimulator.ActiveCfg = Ad-Hoc|iPhoneSimulator
		{22F6B8BF-0828-4ECA-9B54-4AD2508BDE26}.Ad-Hoc|iPhoneSimulator.Build.0 = Ad-Hoc|iPhoneSimulator
		{22F6B8BF-0828-4ECA-9B54-4AD2508BDE26}.Ad-Hoc|iPhoneSimulator.Deploy.0 = Ad-Hoc|iPhoneSimulator
		{22F6B8BF-0828-4ECA-9B54-4AD2508BDE26}.Ad-Hoc|x64.ActiveCfg = Ad-Hoc|iPhone
		{22F6B8BF-0828-4ECA-9B54-4AD2508BDE26}.Ad-Hoc|x64.Build.0 = Ad-Hoc|iPhone
		{22F6B8BF-0828-4ECA-9B54-4AD2508BDE26}.Ad-Hoc|x64.Deploy.0 = Ad-Hoc|iPhone
		{22F6B8BF-0828-4ECA-9B54-4AD2508BDE26}.Ad-Hoc|x86.ActiveCfg = Ad-Hoc|iPhone
		{22F6B8BF-0828-4ECA-9B54-4AD2508BDE26}.Ad-Hoc|x86.Build.0 = Ad-Hoc|iPhone
		{22F6B8BF-0828-4ECA-9B54-4AD2508BDE26}.Ad-Hoc|x86.Deploy.0 = Ad-Hoc|iPhone
		{22F6B8BF-0828-4ECA-9B54-4AD2508BDE26}.AppStore|Any CPU.ActiveCfg = AppStore|iPhone
		{22F6B8BF-0828-4ECA-9B54-4AD2508BDE26}.AppStore|Any CPU.Build.0 = AppStore|iPhone
		{22F6B8BF-0828-4ECA-9B54-4AD2508BDE26}.AppStore|Any CPU.Deploy.0 = AppStore|iPhone
		{22F6B8BF-0828-4ECA-9B54-4AD2508BDE26}.AppStore|ARM.ActiveCfg = AppStore|iPhone
		{22F6B8BF-0828-4ECA-9B54-4AD2508BDE26}.AppStore|ARM.Build.0 = AppStore|iPhone
		{22F6B8BF-0828-4ECA-9B54-4AD2508BDE26}.AppStore|ARM.Deploy.0 = AppStore|iPhone
		{22F6B8BF-0828-4ECA-9B54-4AD2508BDE26}.AppStore|iPhone.ActiveCfg = AppStore|iPhone
		{22F6B8BF-0828-4ECA-9B54-4AD2508BDE26}.AppStore|iPhone.Build.0 = AppStore|iPhone
		{22F6B8BF-0828-4ECA-9B54-4AD2508BDE26}.AppStore|iPhone.Deploy.0 = AppStore|iPhone
		{22F6B8BF-0828-4ECA-9B54-4AD2508BDE26}.AppStore|iPhoneSimulator.ActiveCfg = AppStore|iPhoneSimulator
		{22F6B8BF-0828-4ECA-9B54-4AD2508BDE26}.AppStore|iPhoneSimulator.Build.0 = AppStore|iPhoneSimulator
		{22F6B8BF-0828-4ECA-9B54-4AD2508BDE26}.AppStore|iPhoneSimulator.Deploy.0 = AppStore|iPhoneSimulator
		{22F6B8BF-0828-4ECA-9B54-4AD2508BDE26}.AppStore|x64.ActiveCfg = AppStore|iPhone
		{22F6B8BF-0828-4ECA-9B54-4AD2508BDE26}.AppStore|x64.Build.0 = AppStore|iPhone
		{22F6B8BF-0828-4ECA-9B54-4AD2508BDE26}.AppStore|x64.Deploy.0 = AppStore|iPhone
		{22F6B8BF-0828-4ECA-9B54-4AD2508BDE26}.AppStore|x86.ActiveCfg = AppStore|iPhone
		{22F6B8BF-0828-4ECA-9B54-4AD2508BDE26}.AppStore|x86.Build.0 = AppStore|iPhone
		{22F6B8BF-0828-4ECA-9B54-4AD2508BDE26}.AppStore|x86.Deploy.0 = AppStore|iPhone
		{22F6B8BF-0828-4ECA-9B54-4AD2508BDE26}.Debug|Any CPU.ActiveCfg = Debug|iPhoneSimulator
		{22F6B8BF-0828-4ECA-9B54-4AD2508BDE26}.Debug|Any CPU.Build.0 = Debug|iPhoneSimulator
		{22F6B8BF-0828-4ECA-9B54-4AD2508BDE26}.Debug|Any CPU.Deploy.0 = Debug|iPhoneSimulator
		{22F6B8BF-0828-4ECA-9B54-4AD2508BDE26}.Debug|ARM.ActiveCfg = Debug|iPhone
		{22F6B8BF-0828-4ECA-9B54-4AD2508BDE26}.Debug|ARM.Build.0 = Debug|iPhone
		{22F6B8BF-0828-4ECA-9B54-4AD2508BDE26}.Debug|ARM.Deploy.0 = Debug|iPhone
		{22F6B8BF-0828-4ECA-9B54-4AD2508BDE26}.Debug|iPhone.ActiveCfg = Debug|iPhone
		{22F6B8BF-0828-4ECA-9B54-4AD2508BDE26}.Debug|iPhone.Build.0 = Debug|iPhone
		{22F6B8BF-0828-4ECA-9B54-4AD2508BDE26}.Debug|iPhone.Deploy.0 = Debug|iPhone
		{22F6B8BF-0828-4ECA-9B54-4AD2508BDE26}.Debug|iPhoneSimulator.ActiveCfg = Debug|iPhoneSimulator
		{22F6B8BF-0828-4ECA-9B54-4AD2508BDE26}.Debug|iPhoneSimulator.Build.0 = Debug|iPhoneSimulator
		{22F6B8BF-0828-4ECA-9B54-4AD2508BDE26}.Debug|iPhoneSimulator.Deploy.0 = Debug|iPhoneSimulator
		{22F6B8BF-0828-4ECA-9B54-4AD2508BDE26}.Debug|x64.ActiveCfg = Debug|iPhone
		{22F6B8BF-0828-4ECA-9B54-4AD2508BDE26}.Debug|x64.Build.0 = Debug|iPhone
		{22F6B8BF-0828-4ECA-9B54-4AD2508BDE26}.Debug|x64.Deploy.0 = Debug|iPhone
		{22F6B8BF-0828-4ECA-9B54-4AD2508BDE26}.Debug|x86.ActiveCfg = Debug|iPhone
		{22F6B8BF-0828-4ECA-9B54-4AD2508BDE26}.Debug|x86.Build.0 = Debug|iPhone
		{22F6B8BF-0828-4ECA-9B54-4AD2508BDE26}.Debug|x86.Deploy.0 = Debug|iPhone
		{22F6B8BF-0828-4ECA-9B54-4AD2508BDE26}.Release|Any CPU.ActiveCfg = Release|iPhone
		{22F6B8BF-0828-4ECA-9B54-4AD2508BDE26}.Release|Any CPU.Build.0 = Release|iPhone
		{22F6B8BF-0828-4ECA-9B54-4AD2508BDE26}.Release|Any CPU.Deploy.0 = Release|iPhone
		{22F6B8BF-0828-4ECA-9B54-4AD2508BDE26}.Release|ARM.ActiveCfg = Release|iPhone
		{22F6B8BF-0828-4ECA-9B54-4AD2508BDE26}.Release|ARM.Build.0 = Release|iPhone
		{22F6B8BF-0828-4ECA-9B54-4AD2508BDE26}.Release|ARM.Deploy.0 = Release|iPhone
		{22F6B8BF-0828-4ECA-9B54-4AD2508BDE26}.Release|iPhone.ActiveCfg = Release|iPhone
		{22F6B8BF-0828-4ECA-9B54-4AD2508BDE26}.Release|iPhone.Build.0 = Release|iPhone
		{22F6B8BF-0828-4ECA-9B54-4AD2508BDE26}.Release|iPhone.Deploy.0 = Release|iPhone
		{22F6B8BF-0828-4ECA-9B54-4AD2508BDE26}.Release|iPhoneSimulator.ActiveCfg = Release|iPhoneSimulator
		{22F6B8BF-0828-4ECA-9B54-4AD2508BDE26}.Release|iPhoneSimulator.Build.0 = Release|iPhoneSimulator
		{22F6B8BF-0828-4ECA-9B54-4AD2508BDE26}.Release|iPhoneSimulator.Deploy.0 = Release|iPhoneSimulator
		{22F6B8BF-0828-4ECA-9B54-4AD2508BDE26}.Release|x64.ActiveCfg = Release|iPhone
		{22F6B8BF-0828-4ECA-9B54-4AD2508BDE26}.Release|x64.Build.0 = Release|iPhone
		{22F6B8BF-0828-4ECA-9B54-4AD2508BDE26}.Release|x64.Deploy.0 = Release|iPhone
		{22F6B8BF-0828-4ECA-9B54-4AD2508BDE26}.Release|x86.ActiveCfg = Release|iPhone
		{22F6B8BF-0828-4ECA-9B54-4AD2508BDE26}.Release|x86.Build.0 = Release|iPhone
		{22F6B8BF-0828-4ECA-9B54-4AD2508BDE26}.Release|x86.Deploy.0 = Release|iPhone
		{77A847B1-5C4B-4F88-97C3-B6D5BE729915}.Ad-Hoc|Any CPU.ActiveCfg = Release|x86
		{77A847B1-5C4B-4F88-97C3-B6D5BE729915}.Ad-Hoc|Any CPU.Build.0 = Release|x86
		{77A847B1-5C4B-4F88-97C3-B6D5BE729915}.Ad-Hoc|Any CPU.Deploy.0 = Release|x86
		{77A847B1-5C4B-4F88-97C3-B6D5BE729915}.Ad-Hoc|ARM.ActiveCfg = Release|ARM
		{77A847B1-5C4B-4F88-97C3-B6D5BE729915}.Ad-Hoc|ARM.Build.0 = Release|ARM
		{77A847B1-5C4B-4F88-97C3-B6D5BE729915}.Ad-Hoc|ARM.Deploy.0 = Release|ARM
		{77A847B1-5C4B-4F88-97C3-B6D5BE729915}.Ad-Hoc|iPhone.ActiveCfg = Release|x86
		{77A847B1-5C4B-4F88-97C3-B6D5BE729915}.Ad-Hoc|iPhone.Build.0 = Release|x86
		{77A847B1-5C4B-4F88-97C3-B6D5BE729915}.Ad-Hoc|iPhone.Deploy.0 = Release|x86
		{77A847B1-5C4B-4F88-97C3-B6D5BE729915}.Ad-Hoc|iPhoneSimulator.ActiveCfg = Release|x86
		{77A847B1-5C4B-4F88-97C3-B6D5BE729915}.Ad-Hoc|iPhoneSimulator.Build.0 = Release|x86
		{77A847B1-5C4B-4F88-97C3-B6D5BE729915}.Ad-Hoc|iPhoneSimulator.Deploy.0 = Release|x86
		{77A847B1-5C4B-4F88-97C3-B6D5BE729915}.Ad-Hoc|x64.ActiveCfg = Release|x64
		{77A847B1-5C4B-4F88-97C3-B6D5BE729915}.Ad-Hoc|x64.Build.0 = Release|x64
		{77A847B1-5C4B-4F88-97C3-B6D5BE729915}.Ad-Hoc|x64.Deploy.0 = Release|x64
		{77A847B1-5C4B-4F88-97C3-B6D5BE729915}.Ad-Hoc|x86.ActiveCfg = Release|x86
		{77A847B1-5C4B-4F88-97C3-B6D5BE729915}.Ad-Hoc|x86.Build.0 = Release|x86
		{77A847B1-5C4B-4F88-97C3-B6D5BE729915}.Ad-Hoc|x86.Deploy.0 = Release|x86
		{77A847B1-5C4B-4F88-97C3-B6D5BE729915}.AppStore|Any CPU.ActiveCfg = Release|x86
		{77A847B1-5C4B-4F88-97C3-B6D5BE729915}.AppStore|Any CPU.Build.0 = Release|x86
		{77A847B1-5C4B-4F88-97C3-B6D5BE729915}.AppStore|Any CPU.Deploy.0 = Release|x86
		{77A847B1-5C4B-4F88-97C3-B6D5BE729915}.AppStore|ARM.ActiveCfg = Release|ARM
		{77A847B1-5C4B-4F88-97C3-B6D5BE729915}.AppStore|ARM.Build.0 = Release|ARM
		{77A847B1-5C4B-4F88-97C3-B6D5BE729915}.AppStore|ARM.Deploy.0 = Release|ARM
		{77A847B1-5C4B-4F88-97C3-B6D5BE729915}.AppStore|iPhone.ActiveCfg = Release|x86
		{77A847B1-5C4B-4F88-97C3-B6D5BE729915}.AppStore|iPhone.Build.0 = Release|x86
		{77A847B1-5C4B-4F88-97C3-B6D5BE729915}.AppStore|iPhone.Deploy.0 = Release|x86
		{77A847B1-5C4B-4F88-97C3-B6D5BE729915}.AppStore|iPhoneSimulator.ActiveCfg = Release|x86
		{77A847B1-5C4B-4F88-97C3-B6D5BE729915}.AppStore|iPhoneSimulator.Build.0 = Release|x86
		{77A847B1-5C4B-4F88-97C3-B6D5BE729915}.AppStore|iPhoneSimulator.Deploy.0 = Release|x86
		{77A847B1-5C4B-4F88-97C3-B6D5BE729915}.AppStore|x64.ActiveCfg = Release|x64
		{77A847B1-5C4B-4F88-97C3-B6D5BE729915}.AppStore|x64.Build.0 = Release|x64
		{77A847B1-5C4B-4F88-97C3-B6D5BE729915}.AppStore|x64.Deploy.0 = Release|x64
		{77A847B1-5C4B-4F88-97C3-B6D5BE729915}.AppStore|x86.ActiveCfg = Release|x86
		{77A847B1-5C4B-4F88-97C3-B6D5BE729915}.AppStore|x86.Build.0 = Release|x86
		{77A847B1-5C4B-4F88-97C3-B6D5BE729915}.AppStore|x86.Deploy.0 = Release|x86
		{77A847B1-5C4B-4F88-97C3-B6D5BE729915}.Debug|Any CPU.ActiveCfg = Debug|x86
		{77A847B1-5C4B-4F88-97C3-B6D5BE729915}.Debug|Any CPU.Build.0 = Debug|x86
		{77A847B1-5C4B-4F88-97C3-B6D5BE729915}.Debug|Any CPU.Deploy.0 = Debug|x86
		{77A847B1-5C4B-4F88-97C3-B6D5BE729915}.Debug|ARM.ActiveCfg = Debug|ARM
		{77A847B1-5C4B-4F88-97C3-B6D5BE729915}.Debug|ARM.Build.0 = Debug|ARM
		{77A847B1-5C4B-4F88-97C3-B6D5BE729915}.Debug|ARM.Deploy.0 = Debug|ARM
		{77A847B1-5C4B-4F88-97C3-B6D5BE729915}.Debug|iPhone.ActiveCfg = Debug|x86
		{77A847B1-5C4B-4F88-97C3-B6D5BE729915}.Debug|iPhone.Build.0 = Debug|x86
		{77A847B1-5C4B-4F88-97C3-B6D5BE729915}.Debug|iPhone.Deploy.0 = Debug|x86
		{77A847B1-5C4B-4F88-97C3-B6D5BE729915}.Debug|iPhoneSimulator.ActiveCfg = Debug|x86
		{77A847B1-5C4B-4F88-97C3-B6D5BE729915}.Debug|iPhoneSimulator.Build.0 = Debug|x86
		{77A847B1-5C4B-4F88-97C3-B6D5BE729915}.Debug|iPhoneSimulator.Deploy.0 = Debug|x86
		{77A847B1-5C4B-4F88-97C3-B6D5BE729915}.Debug|x64.ActiveCfg = Debug|x64
		{77A847B1-5C4B-4F88-97C3-B6D5BE729915}.Debug|x64.Build.0 = Debug|x64
		{77A847B1-5C4B-4F88-97C3-B6D5BE729915}.Debug|x64.Deploy.0 = Debug|x64
		{77A847B1-5C4B-4F88-97C3-B6D5BE729915}.Debug|x86.ActiveCfg = Debug|x86
		{77A847B1-5C4B-4F88-97C3-B6D5BE729915}.Debug|x86.Build.0 = Debug|x86
		{77A847B1-5C4B-4F88-97C3-B6D5BE729915}.Debug|x86.Deploy.0 = Debug|x86
		{77A847B1-5C4B-4F88-97C3-B6D5BE729915}.Release|Any CPU.ActiveCfg = Release|x86
		{77A847B1-5C4B-4F88-97C3-B6D5BE729915}.Release|Any CPU.Build.0 = Release|x86
		{77A847B1-5C4B-4F88-97C3-B6D5BE729915}.Release|Any CPU.Deploy.0 = Release|x86
		{77A847B1-5C4B-4F88-97C3-B6D5BE729915}.Release|ARM.ActiveCfg = Release|ARM
		{77A847B1-5C4B-4F88-97C3-B6D5BE729915}.Release|ARM.Build.0 = Release|ARM
		{77A847B1-5C4B-4F88-97C3-B6D5BE729915}.Release|ARM.Deploy.0 = Release|ARM
		{77A847B1-5C4B-4F88-97C3-B6D5BE729915}.Release|iPhone.ActiveCfg = Release|x86
		{77A847B1-5C4B-4F88-97C3-B6D5BE729915}.Release|iPhone.Build.0 = Release|x86
		{77A847B1-5C4B-4F88-97C3-B6D5BE729915}.Release|iPhone.Deploy.0 = Release|x86
		{77A847B1-5C4B-4F88-97C3-B6D5BE729915}.Release|iPhoneSimulator.ActiveCfg = Release|x86
		{77A847B1-5C4B-4F88-97C3-B6D5BE729915}.Release|iPhoneSimulator.Build.0 = Release|x86
		{77A847B1-5C4B-4F88-97C3-B6D5BE729915}.Release|iPhoneSimulator.Deploy.0 = Release|x86
		{77A847B1-5C4B-4F88-97C3-B6D5BE729915}.Release|x64.ActiveCfg = Release|x64
		{77A847B1-5C4B-4F88-97C3-B6D5BE729915}.Release|x64.Build.0 = Release|x64
		{77A847B1-5C4B-4F88-97C3-B6D5BE729915}.Release|x64.Deploy.0 = Release|x64
		{77A847B1-5C4B-4F88-97C3-B6D5BE729915}.Release|x86.ActiveCfg = Release|x86
		{77A847B1-5C4B-4F88-97C3-B6D5BE729915}.Release|x86.Build.0 = Release|x86
		{77A847B1-5C4B-4F88-97C3-B6D5BE729915}.Release|x86.Deploy.0 = Release|x86
		{28AA64F7-18BC-4FFD-90CB-B6F2CDF85AEE}.Ad-Hoc|Any CPU.ActiveCfg = Debug|Any CPU
		{28AA64F7-18BC-4FFD-90CB-B6F2CDF85AEE}.Ad-Hoc|Any CPU.Build.0 = Debug|Any CPU
		{28AA64F7-18BC-4FFD-90CB-B6F2CDF85AEE}.Ad-Hoc|Any CPU.Deploy.0 = Debug|Any CPU
		{28AA64F7-18BC-4FFD-90CB-B6F2CDF85AEE}.Ad-Hoc|ARM.ActiveCfg = Debug|Any CPU
		{28AA64F7-18BC-4FFD-90CB-B6F2CDF85AEE}.Ad-Hoc|ARM.Build.0 = Debug|Any CPU
		{28AA64F7-18BC-4FFD-90CB-B6F2CDF85AEE}.Ad-Hoc|ARM.Deploy.0 = Debug|Any CPU
		{28AA64F7-18BC-4FFD-90CB-B6F2CDF85AEE}.Ad-Hoc|iPhone.ActiveCfg = Debug|Any CPU
		{28AA64F7-18BC-4FFD-90CB-B6F2CDF85AEE}.Ad-Hoc|iPhone.Build.0 = Debug|Any CPU
		{28AA64F7-18BC-4FFD-90CB-B6F2CDF85AEE}.Ad-Hoc|iPhone.Deploy.0 = Debug|Any CPU
		{28AA64F7-18BC-4FFD-90CB-B6F2CDF85AEE}.Ad-Hoc|iPhoneSimulator.ActiveCfg = Debug|Any CPU
		{28AA64F7-18BC-4FFD-90CB-B6F2CDF85AEE}.Ad-Hoc|iPhoneSimulator.Build.0 = Debug|Any CPU
		{28AA64F7-18BC-4FFD-90CB-B6F2CDF85AEE}.Ad-Hoc|iPhoneSimulator.Deploy.0 = Debug|Any CPU
		{28AA64F7-18BC-4FFD-90CB-B6F2CDF85AEE}.Ad-Hoc|x64.ActiveCfg = Debug|Any CPU
		{28AA64F7-18BC-4FFD-90CB-B6F2CDF85AEE}.Ad-Hoc|x64.Build.0 = Debug|Any CPU
		{28AA64F7-18BC-4FFD-90CB-B6F2CDF85AEE}.Ad-Hoc|x64.Deploy.0 = Debug|Any CPU
		{28AA64F7-18BC-4FFD-90CB-B6F2CDF85AEE}.Ad-Hoc|x86.ActiveCfg = Debug|Any CPU
		{28AA64F7-18BC-4FFD-90CB-B6F2CDF85AEE}.Ad-Hoc|x86.Build.0 = Debug|Any CPU
		{28AA64F7-18BC-4FFD-90CB-B6F2CDF85AEE}.Ad-Hoc|x86.Deploy.0 = Debug|Any CPU
		{28AA64F7-18BC-4FFD-90CB-B6F2CDF85AEE}.AppStore|Any CPU.ActiveCfg = Debug|Any CPU
		{28AA64F7-18BC-4FFD-90CB-B6F2CDF85AEE}.AppStore|Any CPU.Build.0 = Debug|Any CPU
		{28AA64F7-18BC-4FFD-90CB-B6F2CDF85AEE}.AppStore|Any CPU.Deploy.0 = Debug|Any CPU
		{28AA64F7-18BC-4FFD-90CB-B6F2CDF85AEE}.AppStore|ARM.ActiveCfg = Debug|Any CPU
		{28AA64F7-18BC-4FFD-90CB-B6F2CDF85AEE}.AppStore|ARM.Build.0 = Debug|Any CPU
		{28AA64F7-18BC-4FFD-90CB-B6F2CDF85AEE}.AppStore|ARM.Deploy.0 = Debug|Any CPU
		{28AA64F7-18BC-4FFD-90CB-B6F2CDF85AEE}.AppStore|iPhone.ActiveCfg = Debug|Any CPU
		{28AA64F7-18BC-4FFD-90CB-B6F2CDF85AEE}.AppStore|iPhone.Build.0 = Debug|Any CPU
		{28AA64F7-18BC-4FFD-90CB-B6F2CDF85AEE}.AppStore|iPhone.Deploy.0 = Debug|Any CPU
		{28AA64F7-18BC-4FFD-90CB-B6F2CDF85AEE}.AppStore|iPhoneSimulator.ActiveCfg = Debug|Any CPU
		{28AA64F7-18BC-4FFD-90CB-B6F2CDF85AEE}.AppStore|iPhoneSimulator.Build.0 = Debug|Any CPU
		{28AA64F7-18BC-4FFD-90CB-B6F2CDF85AEE}.AppStore|iPhoneSimulator.Deploy.0 = Debug|Any CPU
		{28AA64F7-18BC-4FFD-90CB-B6F2CDF85AEE}.AppStore|x64.ActiveCfg = Debug|Any CPU
		{28AA64F7-18BC-4FFD-90CB-B6F2CDF85AEE}.AppStore|x64.Build.0 = Debug|Any CPU
		{28AA64F7-18BC-4FFD-90CB-B6F2CDF85AEE}.AppStore|x64.Deploy.0 = Debug|Any CPU
		{28AA64F7-18BC-4FFD-90CB-B6F2CDF85AEE}.AppStore|x86.ActiveCfg = Debug|Any CPU
		{28AA64F7-18BC-4FFD-90CB-B6F2CDF85AEE}.AppStore|x86.Build.0 = Debug|Any CPU
		{28AA64F7-18BC-4FFD-90CB-B6F2CDF85AEE}.AppStore|x86.Deploy.0 = Debug|Any CPU
		{28AA64F7-18BC-4FFD-90CB-B6F2CDF85AEE}.Debug|Any CPU.ActiveCfg = Debug|Any CPU
		{28AA64F7-18BC-4FFD-90CB-B6F2CDF85AEE}.Debug|Any CPU.Build.0 = Debug|Any CPU
		{28AA64F7-18BC-4FFD-90CB-B6F2CDF85AEE}.Debug|Any CPU.Deploy.0 = Debug|Any CPU
		{28AA64F7-18BC-4FFD-90CB-B6F2CDF85AEE}.Debug|ARM.ActiveCfg = Debug|Any CPU
		{28AA64F7-18BC-4FFD-90CB-B6F2CDF85AEE}.Debug|ARM.Build.0 = Debug|Any CPU
		{28AA64F7-18BC-4FFD-90CB-B6F2CDF85AEE}.Debug|ARM.Deploy.0 = Debug|Any CPU
		{28AA64F7-18BC-4FFD-90CB-B6F2CDF85AEE}.Debug|iPhone.ActiveCfg = Debug|Any CPU
		{28AA64F7-18BC-4FFD-90CB-B6F2CDF85AEE}.Debug|iPhone.Build.0 = Debug|Any CPU
		{28AA64F7-18BC-4FFD-90CB-B6F2CDF85AEE}.Debug|iPhone.Deploy.0 = Debug|Any CPU
		{28AA64F7-18BC-4FFD-90CB-B6F2CDF85AEE}.Debug|iPhoneSimulator.ActiveCfg = Debug|Any CPU
		{28AA64F7-18BC-4FFD-90CB-B6F2CDF85AEE}.Debug|iPhoneSimulator.Build.0 = Debug|Any CPU
		{28AA64F7-18BC-4FFD-90CB-B6F2CDF85AEE}.Debug|iPhoneSimulator.Deploy.0 = Debug|Any CPU
		{28AA64F7-18BC-4FFD-90CB-B6F2CDF85AEE}.Debug|x64.ActiveCfg = Debug|Any CPU
		{28AA64F7-18BC-4FFD-90CB-B6F2CDF85AEE}.Debug|x64.Build.0 = Debug|Any CPU
		{28AA64F7-18BC-4FFD-90CB-B6F2CDF85AEE}.Debug|x64.Deploy.0 = Debug|Any CPU
		{28AA64F7-18BC-4FFD-90CB-B6F2CDF85AEE}.Debug|x86.ActiveCfg = Debug|Any CPU
		{28AA64F7-18BC-4FFD-90CB-B6F2CDF85AEE}.Debug|x86.Build.0 = Debug|Any CPU
		{28AA64F7-18BC-4FFD-90CB-B6F2CDF85AEE}.Debug|x86.Deploy.0 = Debug|Any CPU
		{28AA64F7-18BC-4FFD-90CB-B6F2CDF85AEE}.Release|Any CPU.ActiveCfg = Release|Any CPU
		{28AA64F7-18BC-4FFD-90CB-B6F2CDF85AEE}.Release|Any CPU.Build.0 = Release|Any CPU
		{28AA64F7-18BC-4FFD-90CB-B6F2CDF85AEE}.Release|Any CPU.Deploy.0 = Release|Any CPU
		{28AA64F7-18BC-4FFD-90CB-B6F2CDF85AEE}.Release|ARM.ActiveCfg = Release|Any CPU
		{28AA64F7-18BC-4FFD-90CB-B6F2CDF85AEE}.Release|ARM.Build.0 = Release|Any CPU
		{28AA64F7-18BC-4FFD-90CB-B6F2CDF85AEE}.Release|ARM.Deploy.0 = Release|Any CPU
		{28AA64F7-18BC-4FFD-90CB-B6F2CDF85AEE}.Release|iPhone.ActiveCfg = Release|Any CPU
		{28AA64F7-18BC-4FFD-90CB-B6F2CDF85AEE}.Release|iPhone.Build.0 = Release|Any CPU
		{28AA64F7-18BC-4FFD-90CB-B6F2CDF85AEE}.Release|iPhone.Deploy.0 = Release|Any CPU
		{28AA64F7-18BC-4FFD-90CB-B6F2CDF85AEE}.Release|iPhoneSimulator.ActiveCfg = Release|Any CPU
		{28AA64F7-18BC-4FFD-90CB-B6F2CDF85AEE}.Release|iPhoneSimulator.Build.0 = Release|Any CPU
		{28AA64F7-18BC-4FFD-90CB-B6F2CDF85AEE}.Release|iPhoneSimulator.Deploy.0 = Release|Any CPU
		{28AA64F7-18BC-4FFD-90CB-B6F2CDF85AEE}.Release|x64.ActiveCfg = Release|Any CPU
		{28AA64F7-18BC-4FFD-90CB-B6F2CDF85AEE}.Release|x64.Build.0 = Release|Any CPU
		{28AA64F7-18BC-4FFD-90CB-B6F2CDF85AEE}.Release|x64.Deploy.0 = Release|Any CPU
		{28AA64F7-18BC-4FFD-90CB-B6F2CDF85AEE}.Release|x86.ActiveCfg = Release|Any CPU
		{28AA64F7-18BC-4FFD-90CB-B6F2CDF85AEE}.Release|x86.Build.0 = Release|Any CPU
		{28AA64F7-18BC-4FFD-90CB-B6F2CDF85AEE}.Release|x86.Deploy.0 = Release|Any CPU
	EndGlobalSection
	GlobalSection(SolutionProperties) = preSolution
		HideSolutionNode = FALSE
	EndGlobalSection
	GlobalSection(ExtensibilityGlobals) = postSolution
		SolutionGuid = {DF46CB99-1B03-4A87-8A04-9C3A5A9AF08F}
	EndGlobalSection
EndGlobal
